
Microsoft Visual Studio Solution File, Format Version 12.00
# Visual Studio Version 17
VisualStudioVersion = 17.2.32516.85
MinimumVisualStudioVersion = 10.0.40219.1
Project("{9A19103F-16F7-4668-BE54-9A1E7A4F7556}") = "Panda.Entity", "Panda.Entity\Panda.Entity.csproj", "{8A8BB200-C2C8-4C33-A858-3CA57CBD6272}"
EndProject
Project("{9A19103F-16F7-4668-BE54-9A1E7A4F7556}") = "Panda.Tools", "Panda.Tools\Panda.Tools.csproj", "{68D7FA49-29FA-4B2D-ACB8-C82F65223C6A}"
EndProject
Project("{9A19103F-16F7-4668-BE54-9A1E7A4F7556}") = "Panda.Migrations", "Panda.Migrations\Panda.Migrations.csproj", "{5A1D1CCB-1EB8-41B5-B38E-C5CBAE241AEE}"
EndProject
Project("{9A19103F-16F7-4668-BE54-9A1E7A4F7556}") = "Panda.Admin", "Panda.Admin\Panda.Admin.csproj", "{877B1BBC-CE30-4D88-9EF1-9C347635D83B}"
EndProject
Project("{9A19103F-16F7-4668-BE54-9A1E7A4F7556}") = "Panda.Site", "Panda.Site\Panda.Site.csproj", "{739F25F9-9BFA-4378-A7B8-7725D18752CA}"
EndProject
Project("{2150E333-8FDC-42A3-9474-1A3956D46DE8}") = "Test", "Test", "{BAB2AF61-2A74-4E9A-B801-1CB640DCA6E9}"
EndProject
Project("{9A19103F-16F7-4668-BE54-9A1E7A4F7556}") = "Panda.Tools.Test", "Test\Panda.Tools.Test\Panda.Tools.Test.csproj", "{A27F87F4-7B9B-48A9-9F7A-F7702FF336E9}"
EndProject
Global
	GlobalSection(SolutionConfigurationPlatforms) = preSolution
		Debug|Any CPU = Debug|Any CPU
		Release|Any CPU = Release|Any CPU
	EndGlobalSection
	GlobalSection(ProjectConfigurationPlatforms) = postSolution
		{8A8BB200-C2C8-4C33-A858-3CA57CBD6272}.Debug|Any CPU.ActiveCfg = Debug|Any CPU
		{8A8BB200-C2C8-4C33-A858-3CA57CBD6272}.Debug|Any CPU.Build.0 = Debug|Any CPU
		{8A8BB200-C2C8-4C33-A858-3CA57CBD6272}.Release|Any CPU.ActiveCfg = Release|Any CPU
		{8A8BB200-C2C8-4C33-A858-3CA57CBD6272}.Release|Any CPU.Build.0 = Release|Any CPU
		{68D7FA49-29FA-4B2D-ACB8-C82F65223C6A}.Debug|Any CPU.ActiveCfg = Debug|Any CPU
		{68D7FA49-29FA-4B2D-ACB8-C82F65223C6A}.Debug|Any CPU.Build.0 = Debug|Any CPU
		{68D7FA49-29FA-4B2D-ACB8-C82F65223C6A}.Release|Any CPU.ActiveCfg = Release|Any CPU
		{68D7FA49-29FA-4B2D-ACB8-C82F65223C6A}.Release|Any CPU.Build.0 = Release|Any CPU
		{5A1D1CCB-1EB8-41B5-B38E-C5CBAE241AEE}.Debug|Any CPU.ActiveCfg = Debug|Any CPU
		{5A1D1CCB-1EB8-41B5-B38E-C5CBAE241AEE}.Debug|Any CPU.Build.0 = Debug|Any CPU
		{5A1D1CCB-1EB8-41B5-B38E-C5CBAE241AEE}.Release|Any CPU.ActiveCfg = Release|Any CPU
		{5A1D1CCB-1EB8-41B5-B38E-C5CBAE241AEE}.Release|Any CPU.Build.0 = Release|Any CPU
		{877B1BBC-CE30-4D88-9EF1-9C347635D83B}.Debug|Any CPU.ActiveCfg = Debug|Any CPU
		{877B1BBC-CE30-4D88-9EF1-9C347635D83B}.Debug|Any CPU.Build.0 = Debug|Any CPU
		{877B1BBC-CE30-4D88-9EF1-9C347635D83B}.Release|Any CPU.ActiveCfg = Release|Any CPU
		{877B1BBC-CE30-4D88-9EF1-9C347635D83B}.Release|Any CPU.Build.0 = Release|Any CPU
		{739F25F9-9BFA-4378-A7B8-7725D18752CA}.Debug|Any CPU.ActiveCfg = Debug|Any CPU
		{739F25F9-9BFA-4378-A7B8-7725D18752CA}.Debug|Any CPU.Build.0 = Debug|Any CPU
		{739F25F9-9BFA-4378-A7B8-7725D18752CA}.Release|Any CPU.ActiveCfg = Release|Any CPU
		{739F25F9-9BFA-4378-A7B8-7725D18752CA}.Release|Any CPU.Build.0 = Release|Any CPU
		{A27F87F4-7B9B-48A9-9F7A-F7702FF336E9}.Debug|Any CPU.ActiveCfg = Debug|Any CPU
		{A27F87F4-7B9B-48A9-9F7A-F7702FF336E9}.Debug|Any CPU.Build.0 = Debug|Any CPU
		{A27F87F4-7B9B-48A9-9F7A-F7702FF336E9}.Release|Any CPU.ActiveCfg = Release|Any CPU
		{A27F87F4-7B9B-48A9-9F7A-F7702FF336E9}.Release|Any CPU.Build.0 = Release|Any CPU
	EndGlobalSection
	GlobalSection(SolutionProperties) = preSolution
		HideSolutionNode = FALSE
	EndGlobalSection
	GlobalSection(NestedProjects) = preSolution
		{A27F87F4-7B9B-48A9-9F7A-F7702FF336E9} = {BAB2AF61-2A74-4E9A-B801-1CB640DCA6E9}
	EndGlobalSection
	GlobalSection(ExtensibilityGlobals) = postSolution
		SolutionGuid = {A0E89D0A-5588-470B-927B-9098ECCE9947}
	EndGlobalSection
EndGlobal
